
Microsoft Visual Studio Solution File, Format Version 12.00
# Visual Studio Version 16
VisualStudioVersion = 16.0.31005.135
MinimumVisualStudioVersion = 10.0.40219.1
Project("{9A19103F-16F7-4668-BE54-9A1E7A4F7556}") = "BookStore", "BookStore\BookStore.csproj", "{BDDA0556-7E20-42E7-90FA-6ECA023CDCC9}"
EndProject
Project("{FAE04EC0-301F-11D3-BF4B-00C04F79EFBC}") = "BookStore_Utility", "BookStore_Utility\BookStore_Utility.csproj", "{91CB59BD-6EAF-40D3-9D82-5BE5C68D4A2D}"
EndProject
Project("{FAE04EC0-301F-11D3-BF4B-00C04F79EFBC}") = "BookStore_Models", "BookStore_Models\BookStore_Models.csproj", "{F2218FF4-32CD-4BB0-809C-1D63B71504D3}"
EndProject
Global
	GlobalSection(SolutionConfigurationPlatforms) = preSolution
		Debug|Any CPU = Debug|Any CPU
		Release|Any CPU = Release|Any CPU
	EndGlobalSection
	GlobalSection(ProjectConfigurationPlatforms) = postSolution
		{BDDA0556-7E20-42E7-90FA-6ECA023CDCC9}.Debug|Any CPU.ActiveCfg = Debug|Any CPU
		{BDDA0556-7E20-42E7-90FA-6ECA023CDCC9}.Debug|Any CPU.Build.0 = Debug|Any CPU
		{BDDA0556-7E20-42E7-90FA-6ECA023CDCC9}.Release|Any CPU.ActiveCfg = Release|Any CPU
		{BDDA0556-7E20-42E7-90FA-6ECA023CDCC9}.Release|Any CPU.Build.0 = Release|Any CPU
		{91CB59BD-6EAF-40D3-9D82-5BE5C68D4A2D}.Debug|Any CPU.ActiveCfg = Debug|Any CPU
		{91CB59BD-6EAF-40D3-9D82-5BE5C68D4A2D}.Debug|Any CPU.Build.0 = Debug|Any CPU
		{91CB59BD-6EAF-40D3-9D82-5BE5C68D4A2D}.Release|Any CPU.ActiveCfg = Release|Any CPU
		{91CB59BD-6EAF-40D3-9D82-5BE5C68D4A2D}.Release|Any CPU.Build.0 = Release|Any CPU
		{F2218FF4-32CD-4BB0-809C-1D63B71504D3}.Debug|Any CPU.ActiveCfg = Debug|Any CPU
		{F2218FF4-32CD-4BB0-809C-1D63B71504D3}.Debug|Any CPU.Build.0 = Debug|Any CPU
		{F2218FF4-32CD-4BB0-809C-1D63B71504D3}.Release|Any CPU.ActiveCfg = Release|Any CPU
		{F2218FF4-32CD-4BB0-809C-1D63B71504D3}.Release|Any CPU.Build.0 = Release|Any CPU
	EndGlobalSection
	GlobalSection(SolutionProperties) = preSolution
		HideSolutionNode = FALSE
	EndGlobalSection
	GlobalSection(ExtensibilityGlobals) = postSolution
		SolutionGuid = {870218FA-C776-48D6-B849-BA800B73ADBB}
	EndGlobalSection
EndGlobal
