
Microsoft Visual Studio Solution File, Format Version 12.00
# Visual Studio Version 16
VisualStudioVersion = 16.0.31005.135
MinimumVisualStudioVersion = 10.0.40219.1
Project("{9A19103F-16F7-4668-BE54-9A1E7A4F7556}") = "BookStore", "BookStore\BookStore.csproj", "{BDDA0556-7E20-42E7-90FA-6ECA023CDCC9}"
EndProject
Global
	GlobalSection(SolutionConfigurationPlatforms) = preSolution
		Debug|Any CPU = Debug|Any CPU
		Release|Any CPU = Release|Any CPU
	EndGlobalSection
	GlobalSection(ProjectConfigurationPlatforms) = postSolution
		{BDDA0556-7E20-42E7-90FA-6ECA023CDCC9}.Debug|Any CPU.ActiveCfg = Debug|Any CPU
		{BDDA0556-7E20-42E7-90FA-6ECA023CDCC9}.Debug|Any CPU.Build.0 = Debug|Any CPU
		{BDDA0556-7E20-42E7-90FA-6ECA023CDCC9}.Release|Any CPU.ActiveCfg = Release|Any CPU
		{BDDA0556-7E20-42E7-90FA-6ECA023CDCC9}.Release|Any CPU.Build.0 = Release|Any CPU
	EndGlobalSection
	GlobalSection(SolutionProperties) = preSolution
		HideSolutionNode = FALSE
	EndGlobalSection
	GlobalSection(ExtensibilityGlobals) = postSolution
		SolutionGuid = {870218FA-C776-48D6-B849-BA800B73ADBB}
	EndGlobalSection
EndGlobal
